
Microsoft Visual Studio Solution File, Format Version 12.00
# Visual Studio 15
VisualStudioVersion = 15.0.27703.2042
MinimumVisualStudioVersion = 10.0.40219.1
Project("{8BC9CEB8-8B4A-11D0-8D11-00A0C91BC942}") = "assignment1", "assignment1\assignment1.vcxproj", "{FAA351A7-39D1-4F2D-A44E-D428D7705C42}"
EndProject
Global
	GlobalSection(SolutionConfigurationPlatforms) = preSolution
		Debug|x64 = Debug|x64
		Debug|x86 = Debug|x86
		Release|x64 = Release|x64
		Release|x86 = Release|x86
	EndGlobalSection
	GlobalSection(ProjectConfigurationPlatforms) = postSolution
		{FAA351A7-39D1-4F2D-A44E-D428D7705C42}.Debug|x64.ActiveCfg = Debug|x64
		{FAA351A7-39D1-4F2D-A44E-D428D7705C42}.Debug|x64.Build.0 = Debug|x64
		{FAA351A7-39D1-4F2D-A44E-D428D7705C42}.Debug|x86.ActiveCfg = Debug|Win32
		{FAA351A7-39D1-4F2D-A44E-D428D7705C42}.Debug|x86.Build.0 = Debug|Win32
		{FAA351A7-39D1-4F2D-A44E-D428D7705C42}.Release|x64.ActiveCfg = Release|x64
		{FAA351A7-39D1-4F2D-A44E-D428D7705C42}.Release|x64.Build.0 = Release|x64
		{FAA351A7-39D1-4F2D-A44E-D428D7705C42}.Release|x86.ActiveCfg = Release|Win32
		{FAA351A7-39D1-4F2D-A44E-D428D7705C42}.Release|x86.Build.0 = Release|Win32
	EndGlobalSection
	GlobalSection(SolutionProperties) = preSolution
		HideSolutionNode = FALSE
	EndGlobalSection
	GlobalSection(ExtensibilityGlobals) = postSolution
		SolutionGuid = {681C316E-F8E8-4965-848D-1EC0B4FA20A5}
	EndGlobalSection
EndGlobal
